// !$*UTF8*$!
{
	archiveVersion = 1;
	classes = {
	};
	objectVersion = 46;
	objects = {

/* Begin PBXBuildFile section */
		A05B2DF213C4FCEF00F1525B /* UIKit.framework in Frameworks */ = {isa = PBXBuildFile; fileRef = A05B2DF113C4FCEF00F1525B /* UIKit.framework */; };
		A05B2DF413C4FCEF00F1525B /* Foundation.framework in Frameworks */ = {isa = PBXBuildFile; fileRef = A05B2DF313C4FCEF00F1525B /* Foundation.framework */; };
		A05B2DF613C4FCEF00F1525B /* CoreGraphics.framework in Frameworks */ = {isa = PBXBuildFile; fileRef = A05B2DF513C4FCEF00F1525B /* CoreGraphics.framework */; };
		A05B2DFC13C4FCEF00F1525B /* InfoPlist.strings in Resources */ = {isa = PBXBuildFile; fileRef = A05B2DFA13C4FCEF00F1525B /* InfoPlist.strings */; };
		A05B2DFF13C4FCEF00F1525B /* main.m in Sources */ = {isa = PBXBuildFile; fileRef = A05B2DFE13C4FCEF00F1525B /* main.m */; };
		A05B2E0213C4FCEF00F1525B /* P50AppDelegate.m in Sources */ = {isa = PBXBuildFile; fileRef = A05B2E0113C4FCEF00F1525B /* P50AppDelegate.m */; };
		A05B2E0613C4FCEF00F1525B /* P50AppDelegate_iPhone.m in Sources */ = {isa = PBXBuildFile; fileRef = A05B2E0513C4FCEF00F1525B /* P50AppDelegate_iPhone.m */; };
		A05B2E0913C4FCEF00F1525B /* MainWindow_iPhone.xib in Resources */ = {isa = PBXBuildFile; fileRef = A05B2E0713C4FCEF00F1525B /* MainWindow_iPhone.xib */; };
		A05B2E0D13C4FCEF00F1525B /* P50AppDelegate_iPad.m in Sources */ = {isa = PBXBuildFile; fileRef = A05B2E0C13C4FCEF00F1525B /* P50AppDelegate_iPad.m */; };
		A05B2E1013C4FCEF00F1525B /* MainWindow_iPad.xib in Resources */ = {isa = PBXBuildFile; fileRef = A05B2E0E13C4FCEF00F1525B /* MainWindow_iPad.xib */; };
		A05B2E1713C4FCEF00F1525B /* UIKit.framework in Frameworks */ = {isa = PBXBuildFile; fileRef = A05B2DF113C4FCEF00F1525B /* UIKit.framework */; };
		A05B2E1813C4FCEF00F1525B /* Foundation.framework in Frameworks */ = {isa = PBXBuildFile; fileRef = A05B2DF313C4FCEF00F1525B /* Foundation.framework */; };
		A05B2E1913C4FCEF00F1525B /* CoreGraphics.framework in Frameworks */ = {isa = PBXBuildFile; fileRef = A05B2DF513C4FCEF00F1525B /* CoreGraphics.framework */; };
		A05B2E2113C4FCEF00F1525B /* InfoPlist.strings in Resources */ = {isa = PBXBuildFile; fileRef = A05B2E1F13C4FCEF00F1525B /* InfoPlist.strings */; };
		A05B2E2413C4FCEF00F1525B /* P50Tests.h in Resources */ = {isa = PBXBuildFile; fileRef = A05B2E2313C4FCEF00F1525B /* P50Tests.h */; };
		A05B2E2613C4FCEF00F1525B /* P50Tests.m in Sources */ = {isa = PBXBuildFile; fileRef = A05B2E2513C4FCEF00F1525B /* P50Tests.m */; };
		A05B2F0813C664E600F1525B /* Customization.plist in Resources */ = {isa = PBXBuildFile; fileRef = A05B2F0713C664E600F1525B /* Customization.plist */; };
		A05B2F1B13C664F100F1525B /* RootViewController.m in Sources */ = {isa = PBXBuildFile; fileRef = A05B2F0E13C664F100F1525B /* RootViewController.m */; };
		A05B2F1C13C664F100F1525B /* EGORefreshTableHeaderView.m in Sources */ = {isa = PBXBuildFile; fileRef = A05B2F1113C664F100F1525B /* EGORefreshTableHeaderView.m */; };
		A05B2F1D13C664F100F1525B /* blackArrow.png in Resources */ = {isa = PBXBuildFile; fileRef = A05B2F1313C664F100F1525B /* blackArrow.png */; };
		A05B2F1E13C664F100F1525B /* blackArrow@2x.png in Resources */ = {isa = PBXBuildFile; fileRef = A05B2F1413C664F100F1525B /* blackArrow@2x.png */; };
		A05B2F1F13C664F100F1525B /* blueArrow.png in Resources */ = {isa = PBXBuildFile; fileRef = A05B2F1513C664F100F1525B /* blueArrow.png */; };
		A05B2F2013C664F100F1525B /* blueArrow@2x.png in Resources */ = {isa = PBXBuildFile; fileRef = A05B2F1613C664F100F1525B /* blueArrow@2x.png */; };
		A05B2F2113C664F100F1525B /* grayArrow.png in Resources */ = {isa = PBXBuildFile; fileRef = A05B2F1713C664F100F1525B /* grayArrow.png */; };
		A05B2F2213C664F100F1525B /* grayArrow@2x.png in Resources */ = {isa = PBXBuildFile; fileRef = A05B2F1813C664F100F1525B /* grayArrow@2x.png */; };
		A05B2F2313C664F100F1525B /* whiteArrow.png in Resources */ = {isa = PBXBuildFile; fileRef = A05B2F1913C664F100F1525B /* whiteArrow.png */; };
		A05B2F2413C664F100F1525B /* whiteArrow@2x.png in Resources */ = {isa = PBXBuildFile; fileRef = A05B2F1A13C664F100F1525B /* whiteArrow@2x.png */; };
		A05B2F3A13C6651D00F1525B /* SFHFKeychainUtils.m in Sources */ = {isa = PBXBuildFile; fileRef = A05B2F3913C6651D00F1525B /* SFHFKeychainUtils.m */; };
		A05B2F5413C6652D00F1525B /* CDataScanner.m in Sources */ = {isa = PBXBuildFile; fileRef = A05B2F3D13C6652D00F1525B /* CDataScanner.m */; };
		A05B2F5513C6652D00F1525B /* CFilteringJSONSerializer.m in Sources */ = {isa = PBXBuildFile; fileRef = A05B2F4013C6652D00F1525B /* CFilteringJSONSerializer.m */; };
		A05B2F5613C6652D00F1525B /* CJSONDeserializer_BlocksExtensions.m in Sources */ = {isa = PBXBuildFile; fileRef = A05B2F4213C6652D00F1525B /* CJSONDeserializer_BlocksExtensions.m */; };
		A05B2F5713C6652D00F1525B /* CJSONSerialization.m in Sources */ = {isa = PBXBuildFile; fileRef = A05B2F4413C6652D00F1525B /* CJSONSerialization.m */; };
		A05B2F5813C6652D00F1525B /* CJSONSerializedData.m in Sources */ = {isa = PBXBuildFile; fileRef = A05B2F4613C6652D00F1525B /* CJSONSerializedData.m */; };
		A05B2F5913C6652D00F1525B /* CDataScanner_Extensions.m in Sources */ = {isa = PBXBuildFile; fileRef = A05B2F4913C6652D00F1525B /* CDataScanner_Extensions.m */; };
		A05B2F5A13C6652D00F1525B /* NSDictionary_JSONExtensions.m in Sources */ = {isa = PBXBuildFile; fileRef = A05B2F4B13C6652D00F1525B /* NSDictionary_JSONExtensions.m */; };
		A05B2F5B13C6652D00F1525B /* CJSONDeserializer.m in Sources */ = {isa = PBXBuildFile; fileRef = A05B2F4E13C6652D00F1525B /* CJSONDeserializer.m */; };
		A05B2F5C13C6652D00F1525B /* CJSONScanner.m in Sources */ = {isa = PBXBuildFile; fileRef = A05B2F5013C6652D00F1525B /* CJSONScanner.m */; };
		A05B2F5D13C6652D00F1525B /* CJSONSerializer.m in Sources */ = {isa = PBXBuildFile; fileRef = A05B2F5213C6652D00F1525B /* CJSONSerializer.m */; };
		A05B2F6213C6656500F1525B /* QuartzCore.framework in Frameworks */ = {isa = PBXBuildFile; fileRef = A05B2F6113C6656500F1525B /* QuartzCore.framework */; };
		A05B2F6413C6656A00F1525B /* MediaPlayer.framework in Frameworks */ = {isa = PBXBuildFile; fileRef = A05B2F6313C6656A00F1525B /* MediaPlayer.framework */; };
		A05B2F6E13C665B700F1525B /* Security.framework in Frameworks */ = {isa = PBXBuildFile; fileRef = A05B2F6D13C665B700F1525B /* Security.framework */; };
		A0D9298B13C6C070007A0FA5 /* Default.png in Resources */ = {isa = PBXBuildFile; fileRef = A0D9297D13C6C070007A0FA5 /* Default.png */; };
		A0D9298C13C6C070007A0FA5 /* Default@2x.png in Resources */ = {isa = PBXBuildFile; fileRef = A0D9297E13C6C070007A0FA5 /* Default@2x.png */; };
		A0D9298D13C6C070007A0FA5 /* Icon.png in Resources */ = {isa = PBXBuildFile; fileRef = A0D9297F13C6C070007A0FA5 /* Icon.png */; };
		A0D9298E13C6C070007A0FA5 /* Icon@2x.png in Resources */ = {isa = PBXBuildFile; fileRef = A0D9298013C6C070007A0FA5 /* Icon@2x.png */; };
		A0D9298F13C6C070007A0FA5 /* p50img.png in Resources */ = {isa = PBXBuildFile; fileRef = A0D9298113C6C070007A0FA5 /* p50img.png */; };
		A0D9299013C6C070007A0FA5 /* SBPlistReader.m in Sources */ = {isa = PBXBuildFile; fileRef = A0D9298413C6C070007A0FA5 /* SBPlistReader.m */; };
		A0D9299113C6C070007A0FA5 /* SBServiceCentral.m in Sources */ = {isa = PBXBuildFile; fileRef = A0D9298613C6C070007A0FA5 /* SBServiceCentral.m */; };
		A0D9299213C6C070007A0FA5 /* SBXMLParser.m in Sources */ = {isa = PBXBuildFile; fileRef = A0D9298813C6C070007A0FA5 /* SBXMLParser.m */; };
		A0D9299313C6C070007A0FA5 /* UIColor+SBColors.m in Sources */ = {isa = PBXBuildFile; fileRef = A0D9298A13C6C070007A0FA5 /* UIColor+SBColors.m */; };
		A0D9299C13C6C084007A0FA5 /* LasVegasViewController.m in Sources */ = {isa = PBXBuildFile; fileRef = A0D9299513C6C084007A0FA5 /* LasVegasViewController.m */; };
		A0D9299D13C6C084007A0FA5 /* ModalViewLogin.m in Sources */ = {isa = PBXBuildFile; fileRef = A0D9299713C6C084007A0FA5 /* ModalViewLogin.m */; };
		A0D9299E13C6C084007A0FA5 /* RSSFeed.m in Sources */ = {isa = PBXBuildFile; fileRef = A0D9299913C6C084007A0FA5 /* RSSFeed.m */; };
		A0D9299F13C6C084007A0FA5 /* VideoList.m in Sources */ = {isa = PBXBuildFile; fileRef = A0D9299B13C6C084007A0FA5 /* VideoList.m */; };
/* End PBXBuildFile section */

/* Begin PBXContainerItemProxy section */
		A05B2E1A13C4FCEF00F1525B /* PBXContainerItemProxy */ = {
			isa = PBXContainerItemProxy;
			containerPortal = A05B2DE413C4FCEE00F1525B /* Project object */;
			proxyType = 1;
			remoteGlobalIDString = A05B2DEC13C4FCEE00F1525B;
			remoteInfo = P50;
		};
/* End PBXContainerItemProxy section */

/* Begin PBXFileReference section */
		A05B2DED13C4FCEE00F1525B /* P50.app */ = {isa = PBXFileReference; explicitFileType = wrapper.application; includeInIndex = 0; path = P50.app; sourceTree = BUILT_PRODUCTS_DIR; };
		A05B2DF113C4FCEF00F1525B /* UIKit.framework */ = {isa = PBXFileReference; lastKnownFileType = wrapper.framework; name = UIKit.framework; path = System/Library/Frameworks/UIKit.framework; sourceTree = SDKROOT; };
		A05B2DF313C4FCEF00F1525B /* Foundation.framework */ = {isa = PBXFileReference; lastKnownFileType = wrapper.framework; name = Foundation.framework; path = System/Library/Frameworks/Foundation.framework; sourceTree = SDKROOT; };
		A05B2DF513C4FCEF00F1525B /* CoreGraphics.framework */ = {isa = PBXFileReference; lastKnownFileType = wrapper.framework; name = CoreGraphics.framework; path = System/Library/Frameworks/CoreGraphics.framework; sourceTree = SDKROOT; };
		A05B2DF913C4FCEF00F1525B /* P50-Info.plist */ = {isa = PBXFileReference; lastKnownFileType = text.plist.xml; path = "P50-Info.plist"; sourceTree = "<group>"; };
		A05B2DFB13C4FCEF00F1525B /* en */ = {isa = PBXFileReference; lastKnownFileType = text.plist.strings; name = en; path = en.lproj/InfoPlist.strings; sourceTree = "<group>"; };
		A05B2DFD13C4FCEF00F1525B /* P50-Prefix.pch */ = {isa = PBXFileReference; lastKnownFileType = sourcecode.c.h; path = "P50-Prefix.pch"; sourceTree = "<group>"; };
		A05B2DFE13C4FCEF00F1525B /* main.m */ = {isa = PBXFileReference; lastKnownFileType = sourcecode.c.objc; path = main.m; sourceTree = "<group>"; };
		A05B2E0013C4FCEF00F1525B /* P50AppDelegate.h */ = {isa = PBXFileReference; lastKnownFileType = sourcecode.c.h; path = P50AppDelegate.h; sourceTree = "<group>"; };
		A05B2E0113C4FCEF00F1525B /* P50AppDelegate.m */ = {isa = PBXFileReference; lastKnownFileType = sourcecode.c.objc; path = P50AppDelegate.m; sourceTree = "<group>"; };
		A05B2E0413C4FCEF00F1525B /* P50AppDelegate_iPhone.h */ = {isa = PBXFileReference; lastKnownFileType = sourcecode.c.h; name = P50AppDelegate_iPhone.h; path = iPhone/P50AppDelegate_iPhone.h; sourceTree = "<group>"; };
		A05B2E0513C4FCEF00F1525B /* P50AppDelegate_iPhone.m */ = {isa = PBXFileReference; lastKnownFileType = sourcecode.c.objc; name = P50AppDelegate_iPhone.m; path = iPhone/P50AppDelegate_iPhone.m; sourceTree = "<group>"; };
		A05B2E0813C4FCEF00F1525B /* en */ = {isa = PBXFileReference; lastKnownFileType = file.xib; name = en; path = iPhone/en.lproj/MainWindow_iPhone.xib; sourceTree = "<group>"; };
		A05B2E0B13C4FCEF00F1525B /* P50AppDelegate_iPad.h */ = {isa = PBXFileReference; lastKnownFileType = sourcecode.c.h; name = P50AppDelegate_iPad.h; path = iPad/P50AppDelegate_iPad.h; sourceTree = "<group>"; };
		A05B2E0C13C4FCEF00F1525B /* P50AppDelegate_iPad.m */ = {isa = PBXFileReference; lastKnownFileType = sourcecode.c.objc; name = P50AppDelegate_iPad.m; path = iPad/P50AppDelegate_iPad.m; sourceTree = "<group>"; };
		A05B2E0F13C4FCEF00F1525B /* en */ = {isa = PBXFileReference; lastKnownFileType = file.xib; name = en; path = iPad/en.lproj/MainWindow_iPad.xib; sourceTree = "<group>"; };
		A05B2E1613C4FCEF00F1525B /* P50Tests.octest */ = {isa = PBXFileReference; explicitFileType = wrapper.cfbundle; includeInIndex = 0; path = P50Tests.octest; sourceTree = BUILT_PRODUCTS_DIR; };
		A05B2E1E13C4FCEF00F1525B /* P50Tests-Info.plist */ = {isa = PBXFileReference; lastKnownFileType = text.plist.xml; path = "P50Tests-Info.plist"; sourceTree = "<group>"; };
		A05B2E2013C4FCEF00F1525B /* en */ = {isa = PBXFileReference; lastKnownFileType = text.plist.strings; name = en; path = en.lproj/InfoPlist.strings; sourceTree = "<group>"; };
		A05B2E2213C4FCEF00F1525B /* P50Tests-Prefix.pch */ = {isa = PBXFileReference; lastKnownFileType = sourcecode.c.h; path = "P50Tests-Prefix.pch"; sourceTree = "<group>"; };
		A05B2E2313C4FCEF00F1525B /* P50Tests.h */ = {isa = PBXFileReference; lastKnownFileType = sourcecode.c.h; path = P50Tests.h; sourceTree = "<group>"; };
		A05B2E2513C4FCEF00F1525B /* P50Tests.m */ = {isa = PBXFileReference; lastKnownFileType = sourcecode.c.objc; path = P50Tests.m; sourceTree = "<group>"; };
		A05B2F0713C664E600F1525B /* Customization.plist */ = {isa = PBXFileReference; fileEncoding = 4; lastKnownFileType = text.plist.xml; path = Customization.plist; sourceTree = "<group>"; };
		A05B2F0D13C664F100F1525B /* RootViewController.h */ = {isa = PBXFileReference; fileEncoding = 4; lastKnownFileType = sourcecode.c.h; path = RootViewController.h; sourceTree = "<group>"; };
		A05B2F0E13C664F100F1525B /* RootViewController.m */ = {isa = PBXFileReference; fileEncoding = 4; lastKnownFileType = sourcecode.c.objc; path = RootViewController.m; sourceTree = "<group>"; };
		A05B2F1013C664F100F1525B /* EGORefreshTableHeaderView.h */ = {isa = PBXFileReference; fileEncoding = 4; lastKnownFileType = sourcecode.c.h; path = EGORefreshTableHeaderView.h; sourceTree = "<group>"; };
		A05B2F1113C664F100F1525B /* EGORefreshTableHeaderView.m */ = {isa = PBXFileReference; fileEncoding = 4; lastKnownFileType = sourcecode.c.objc; path = EGORefreshTableHeaderView.m; sourceTree = "<group>"; };
		A05B2F1313C664F100F1525B /* blackArrow.png */ = {isa = PBXFileReference; lastKnownFileType = image.png; path = blackArrow.png; sourceTree = "<group>"; };
		A05B2F1413C664F100F1525B /* blackArrow@2x.png */ = {isa = PBXFileReference; lastKnownFileType = image.png; path = "blackArrow@2x.png"; sourceTree = "<group>"; };
		A05B2F1513C664F100F1525B /* blueArrow.png */ = {isa = PBXFileReference; lastKnownFileType = image.png; path = blueArrow.png; sourceTree = "<group>"; };
		A05B2F1613C664F100F1525B /* blueArrow@2x.png */ = {isa = PBXFileReference; lastKnownFileType = image.png; path = "blueArrow@2x.png"; sourceTree = "<group>"; };
		A05B2F1713C664F100F1525B /* grayArrow.png */ = {isa = PBXFileReference; lastKnownFileType = image.png; path = grayArrow.png; sourceTree = "<group>"; };
		A05B2F1813C664F100F1525B /* grayArrow@2x.png */ = {isa = PBXFileReference; lastKnownFileType = image.png; path = "grayArrow@2x.png"; sourceTree = "<group>"; };
		A05B2F1913C664F100F1525B /* whiteArrow.png */ = {isa = PBXFileReference; lastKnownFileType = image.png; path = whiteArrow.png; sourceTree = "<group>"; };
		A05B2F1A13C664F100F1525B /* whiteArrow@2x.png */ = {isa = PBXFileReference; lastKnownFileType = image.png; path = "whiteArrow@2x.png"; sourceTree = "<group>"; };
		A05B2F3813C6651D00F1525B /* SFHFKeychainUtils.h */ = {isa = PBXFileReference; fileEncoding = 4; lastKnownFileType = sourcecode.c.h; path = SFHFKeychainUtils.h; sourceTree = "<group>"; };
		A05B2F3913C6651D00F1525B /* SFHFKeychainUtils.m */ = {isa = PBXFileReference; fileEncoding = 4; lastKnownFileType = sourcecode.c.objc; path = SFHFKeychainUtils.m; sourceTree = "<group>"; };
		A05B2F3C13C6652D00F1525B /* CDataScanner.h */ = {isa = PBXFileReference; fileEncoding = 4; lastKnownFileType = sourcecode.c.h; path = CDataScanner.h; sourceTree = "<group>"; };
		A05B2F3D13C6652D00F1525B /* CDataScanner.m */ = {isa = PBXFileReference; fileEncoding = 4; lastKnownFileType = sourcecode.c.objc; path = CDataScanner.m; sourceTree = "<group>"; };
		A05B2F3F13C6652D00F1525B /* CFilteringJSONSerializer.h */ = {isa = PBXFileReference; fileEncoding = 4; lastKnownFileType = sourcecode.c.h; path = CFilteringJSONSerializer.h; sourceTree = "<group>"; };
		A05B2F4013C6652D00F1525B /* CFilteringJSONSerializer.m */ = {isa = PBXFileReference; fileEncoding = 4; lastKnownFileType = sourcecode.c.objc; path = CFilteringJSONSerializer.m; sourceTree = "<group>"; };
		A05B2F4113C6652D00F1525B /* CJSONDeserializer_BlocksExtensions.h */ = {isa = PBXFileReference; fileEncoding = 4; lastKnownFileType = sourcecode.c.h; path = CJSONDeserializer_BlocksExtensions.h; sourceTree = "<group>"; };
		A05B2F4213C6652D00F1525B /* CJSONDeserializer_BlocksExtensions.m */ = {isa = PBXFileReference; fileEncoding = 4; lastKnownFileType = sourcecode.c.objc; path = CJSONDeserializer_BlocksExtensions.m; sourceTree = "<group>"; };
		A05B2F4313C6652D00F1525B /* CJSONSerialization.h */ = {isa = PBXFileReference; fileEncoding = 4; lastKnownFileType = sourcecode.c.h; path = CJSONSerialization.h; sourceTree = "<group>"; };
		A05B2F4413C6652D00F1525B /* CJSONSerialization.m */ = {isa = PBXFileReference; fileEncoding = 4; lastKnownFileType = sourcecode.c.objc; path = CJSONSerialization.m; sourceTree = "<group>"; };
		A05B2F4513C6652D00F1525B /* CJSONSerializedData.h */ = {isa = PBXFileReference; fileEncoding = 4; lastKnownFileType = sourcecode.c.h; path = CJSONSerializedData.h; sourceTree = "<group>"; };
		A05B2F4613C6652D00F1525B /* CJSONSerializedData.m */ = {isa = PBXFileReference; fileEncoding = 4; lastKnownFileType = sourcecode.c.objc; path = CJSONSerializedData.m; sourceTree = "<group>"; };
		A05B2F4813C6652D00F1525B /* CDataScanner_Extensions.h */ = {isa = PBXFileReference; fileEncoding = 4; lastKnownFileType = sourcecode.c.h; path = CDataScanner_Extensions.h; sourceTree = "<group>"; };
		A05B2F4913C6652D00F1525B /* CDataScanner_Extensions.m */ = {isa = PBXFileReference; fileEncoding = 4; lastKnownFileType = sourcecode.c.objc; path = CDataScanner_Extensions.m; sourceTree = "<group>"; };
		A05B2F4A13C6652D00F1525B /* NSDictionary_JSONExtensions.h */ = {isa = PBXFileReference; fileEncoding = 4; lastKnownFileType = sourcecode.c.h; path = NSDictionary_JSONExtensions.h; sourceTree = "<group>"; };
		A05B2F4B13C6652D00F1525B /* NSDictionary_JSONExtensions.m */ = {isa = PBXFileReference; fileEncoding = 4; lastKnownFileType = sourcecode.c.objc; path = NSDictionary_JSONExtensions.m; sourceTree = "<group>"; };
		A05B2F4D13C6652D00F1525B /* CJSONDeserializer.h */ = {isa = PBXFileReference; fileEncoding = 4; lastKnownFileType = sourcecode.c.h; path = CJSONDeserializer.h; sourceTree = "<group>"; };
		A05B2F4E13C6652D00F1525B /* CJSONDeserializer.m */ = {isa = PBXFileReference; fileEncoding = 4; lastKnownFileType = sourcecode.c.objc; path = CJSONDeserializer.m; sourceTree = "<group>"; };
		A05B2F4F13C6652D00F1525B /* CJSONScanner.h */ = {isa = PBXFileReference; fileEncoding = 4; lastKnownFileType = sourcecode.c.h; path = CJSONScanner.h; sourceTree = "<group>"; };
		A05B2F5013C6652D00F1525B /* CJSONScanner.m */ = {isa = PBXFileReference; fileEncoding = 4; lastKnownFileType = sourcecode.c.objc; path = CJSONScanner.m; sourceTree = "<group>"; };
		A05B2F5113C6652D00F1525B /* CJSONSerializer.h */ = {isa = PBXFileReference; fileEncoding = 4; lastKnownFileType = sourcecode.c.h; path = CJSONSerializer.h; sourceTree = "<group>"; };
		A05B2F5213C6652D00F1525B /* CJSONSerializer.m */ = {isa = PBXFileReference; fileEncoding = 4; lastKnownFileType = sourcecode.c.objc; path = CJSONSerializer.m; sourceTree = "<group>"; };
		A05B2F5313C6652D00F1525B /* JSONRepresentation.h */ = {isa = PBXFileReference; fileEncoding = 4; lastKnownFileType = sourcecode.c.h; path = JSONRepresentation.h; sourceTree = "<group>"; };
		A05B2F6113C6656500F1525B /* QuartzCore.framework */ = {isa = PBXFileReference; lastKnownFileType = wrapper.framework; name = QuartzCore.framework; path = System/Library/Frameworks/QuartzCore.framework; sourceTree = SDKROOT; };
		A05B2F6313C6656A00F1525B /* MediaPlayer.framework */ = {isa = PBXFileReference; lastKnownFileType = wrapper.framework; name = MediaPlayer.framework; path = System/Library/Frameworks/MediaPlayer.framework; sourceTree = SDKROOT; };
		A05B2F6D13C665B700F1525B /* Security.framework */ = {isa = PBXFileReference; lastKnownFileType = wrapper.framework; name = Security.framework; path = System/Library/Frameworks/Security.framework; sourceTree = SDKROOT; };
		A0D9297D13C6C070007A0FA5 /* Default.png */ = {isa = PBXFileReference; lastKnownFileType = image.png; path = Default.png; sourceTree = "<group>"; };
		A0D9297E13C6C070007A0FA5 /* Default@2x.png */ = {isa = PBXFileReference; lastKnownFileType = image.png; path = "Default@2x.png"; sourceTree = "<group>"; };
		A0D9297F13C6C070007A0FA5 /* Icon.png */ = {isa = PBXFileReference; lastKnownFileType = image.png; path = Icon.png; sourceTree = "<group>"; };
		A0D9298013C6C070007A0FA5 /* Icon@2x.png */ = {isa = PBXFileReference; lastKnownFileType = image.png; path = "Icon@2x.png"; sourceTree = "<group>"; };
		A0D9298113C6C070007A0FA5 /* p50img.png */ = {isa = PBXFileReference; lastKnownFileType = image.png; path = p50img.png; sourceTree = "<group>"; };
		A0D9298313C6C070007A0FA5 /* SBPlistReader.h */ = {isa = PBXFileReference; fileEncoding = 4; lastKnownFileType = sourcecode.c.h; path = SBPlistReader.h; sourceTree = "<group>"; };
		A0D9298413C6C070007A0FA5 /* SBPlistReader.m */ = {isa = PBXFileReference; fileEncoding = 4; lastKnownFileType = sourcecode.c.objc; path = SBPlistReader.m; sourceTree = "<group>"; };
		A0D9298513C6C070007A0FA5 /* SBServiceCentral.h */ = {isa = PBXFileReference; fileEncoding = 4; lastKnownFileType = sourcecode.c.h; path = SBServiceCentral.h; sourceTree = "<group>"; };
		A0D9298613C6C070007A0FA5 /* SBServiceCentral.m */ = {isa = PBXFileReference; fileEncoding = 4; lastKnownFileType = sourcecode.c.objc; path = SBServiceCentral.m; sourceTree = "<group>"; };
		A0D9298713C6C070007A0FA5 /* SBXMLParser.h */ = {isa = PBXFileReference; fileEncoding = 4; lastKnownFileType = sourcecode.c.h; path = SBXMLParser.h; sourceTree = "<group>"; };
		A0D9298813C6C070007A0FA5 /* SBXMLParser.m */ = {isa = PBXFileReference; fileEncoding = 4; lastKnownFileType = sourcecode.c.objc; path = SBXMLParser.m; sourceTree = "<group>"; };
		A0D9298913C6C070007A0FA5 /* UIColor+SBColors.h */ = {isa = PBXFileReference; fileEncoding = 4; lastKnownFileType = sourcecode.c.h; path = "UIColor+SBColors.h"; sourceTree = "<group>"; };
		A0D9298A13C6C070007A0FA5 /* UIColor+SBColors.m */ = {isa = PBXFileReference; fileEncoding = 4; lastKnownFileType = sourcecode.c.objc; path = "UIColor+SBColors.m"; sourceTree = "<group>"; };
		A0D9299413C6C084007A0FA5 /* LasVegasViewController.h */ = {isa = PBXFileReference; fileEncoding = 4; lastKnownFileType = sourcecode.c.h; name = LasVegasViewController.h; path = iPhone/LasVegasViewController.h; sourceTree = "<group>"; };
		A0D9299513C6C084007A0FA5 /* LasVegasViewController.m */ = {isa = PBXFileReference; fileEncoding = 4; lastKnownFileType = sourcecode.c.objc; name = LasVegasViewController.m; path = iPhone/LasVegasViewController.m; sourceTree = "<group>"; };
		A0D9299613C6C084007A0FA5 /* ModalViewLogin.h */ = {isa = PBXFileReference; fileEncoding = 4; lastKnownFileType = sourcecode.c.h; name = ModalViewLogin.h; path = iPhone/ModalViewLogin.h; sourceTree = "<group>"; };
		A0D9299713C6C084007A0FA5 /* ModalViewLogin.m */ = {isa = PBXFileReference; fileEncoding = 4; lastKnownFileType = sourcecode.c.objc; name = ModalViewLogin.m; path = iPhone/ModalViewLogin.m; sourceTree = "<group>"; };
		A0D9299813C6C084007A0FA5 /* RSSFeed.h */ = {isa = PBXFileReference; fileEncoding = 4; lastKnownFileType = sourcecode.c.h; name = RSSFeed.h; path = iPhone/RSSFeed.h; sourceTree = "<group>"; };
		A0D9299913C6C084007A0FA5 /* RSSFeed.m */ = {isa = PBXFileReference; fileEncoding = 4; lastKnownFileType = sourcecode.c.objc; name = RSSFeed.m; path = iPhone/RSSFeed.m; sourceTree = "<group>"; };
		A0D9299A13C6C084007A0FA5 /* VideoList.h */ = {isa = PBXFileReference; fileEncoding = 4; lastKnownFileType = sourcecode.c.h; name = VideoList.h; path = iPhone/VideoList.h; sourceTree = "<group>"; };
		A0D9299B13C6C084007A0FA5 /* VideoList.m */ = {isa = PBXFileReference; fileEncoding = 4; lastKnownFileType = sourcecode.c.objc; name = VideoList.m; path = iPhone/VideoList.m; sourceTree = "<group>"; };
/* End PBXFileReference section */

/* Begin PBXFrameworksBuildPhase section */
		A05B2DEA13C4FCEE00F1525B /* Frameworks */ = {
			isa = PBXFrameworksBuildPhase;
			buildActionMask = 2147483647;
			files = (
				A05B2F6E13C665B700F1525B /* Security.framework in Frameworks */,
				A05B2F6413C6656A00F1525B /* MediaPlayer.framework in Frameworks */,
				A05B2F6213C6656500F1525B /* QuartzCore.framework in Frameworks */,
				A05B2DF213C4FCEF00F1525B /* UIKit.framework in Frameworks */,
				A05B2DF413C4FCEF00F1525B /* Foundation.framework in Frameworks */,
				A05B2DF613C4FCEF00F1525B /* CoreGraphics.framework in Frameworks */,
			);
			runOnlyForDeploymentPostprocessing = 0;
		};
		A05B2E1213C4FCEF00F1525B /* Frameworks */ = {
			isa = PBXFrameworksBuildPhase;
			buildActionMask = 2147483647;
			files = (
				A05B2E1713C4FCEF00F1525B /* UIKit.framework in Frameworks */,
				A05B2E1813C4FCEF00F1525B /* Foundation.framework in Frameworks */,
				A05B2E1913C4FCEF00F1525B /* CoreGraphics.framework in Frameworks */,
			);
			runOnlyForDeploymentPostprocessing = 0;
		};
/* End PBXFrameworksBuildPhase section */

/* Begin PBXGroup section */
		A05B2DE213C4FCEE00F1525B = {
			isa = PBXGroup;
			children = (
				A0D9297C13C6C070007A0FA5 /* Images */,
				A0D9298213C6C070007A0FA5 /* SBAdds */,
				A05B2F0A13C664F100F1525B /* EGOTableViewPullRefresh */,
				A05B2F3713C6651D00F1525B /* security */,
				A05B2F3B13C6652D00F1525B /* JSON */,
				A05B2DF713C4FCEF00F1525B /* P50 */,
				A05B2E1C13C4FCEF00F1525B /* P50Tests */,
				A05B2DF013C4FCEE00F1525B /* Frameworks */,
				A05B2DEE13C4FCEE00F1525B /* Products */,
			);
			sourceTree = "<group>";
		};
		A05B2DEE13C4FCEE00F1525B /* Products */ = {
			isa = PBXGroup;
			children = (
				A05B2DED13C4FCEE00F1525B /* P50.app */,
				A05B2E1613C4FCEF00F1525B /* P50Tests.octest */,
			);
			name = Products;
			sourceTree = "<group>";
		};
		A05B2DF013C4FCEE00F1525B /* Frameworks */ = {
			isa = PBXGroup;
			children = (
				A05B2F6D13C665B700F1525B /* Security.framework */,
				A05B2F6313C6656A00F1525B /* MediaPlayer.framework */,
				A05B2F6113C6656500F1525B /* QuartzCore.framework */,
				A05B2DF113C4FCEF00F1525B /* UIKit.framework */,
				A05B2DF313C4FCEF00F1525B /* Foundation.framework */,
				A05B2DF513C4FCEF00F1525B /* CoreGraphics.framework */,
			);
			name = Frameworks;
			sourceTree = "<group>";
		};
		A05B2DF713C4FCEF00F1525B /* P50 */ = {
			isa = PBXGroup;
			children = (
				A05B2F0713C664E600F1525B /* Customization.plist */,
				A05B2E0013C4FCEF00F1525B /* P50AppDelegate.h */,
				A05B2E0113C4FCEF00F1525B /* P50AppDelegate.m */,
				A05B2E0313C4FCEF00F1525B /* iPhone */,
				A05B2E0A13C4FCEF00F1525B /* iPad */,
				A05B2DF813C4FCEF00F1525B /* Supporting Files */,
			);
			path = P50;
			sourceTree = "<group>";
		};
		A05B2DF813C4FCEF00F1525B /* Supporting Files */ = {
			isa = PBXGroup;
			children = (
				A05B2DF913C4FCEF00F1525B /* P50-Info.plist */,
				A05B2DFA13C4FCEF00F1525B /* InfoPlist.strings */,
				A05B2DFD13C4FCEF00F1525B /* P50-Prefix.pch */,
				A05B2DFE13C4FCEF00F1525B /* main.m */,
			);
			name = "Supporting Files";
			sourceTree = "<group>";
		};
		A05B2E0313C4FCEF00F1525B /* iPhone */ = {
			isa = PBXGroup;
			children = (
				A0D9299413C6C084007A0FA5 /* LasVegasViewController.h */,
				A0D9299513C6C084007A0FA5 /* LasVegasViewController.m */,
				A0D9299613C6C084007A0FA5 /* ModalViewLogin.h */,
				A0D9299713C6C084007A0FA5 /* ModalViewLogin.m */,
				A0D9299813C6C084007A0FA5 /* RSSFeed.h */,
				A0D9299913C6C084007A0FA5 /* RSSFeed.m */,
				A0D9299A13C6C084007A0FA5 /* VideoList.h */,
				A0D9299B13C6C084007A0FA5 /* VideoList.m */,
				A05B2E0413C4FCEF00F1525B /* P50AppDelegate_iPhone.h */,
				A05B2E0513C4FCEF00F1525B /* P50AppDelegate_iPhone.m */,
				A05B2E0713C4FCEF00F1525B /* MainWindow_iPhone.xib */,
			);
			name = iPhone;
			sourceTree = "<group>";
		};
		A05B2E0A13C4FCEF00F1525B /* iPad */ = {
			isa = PBXGroup;
			children = (
				A05B2E0B13C4FCEF00F1525B /* P50AppDelegate_iPad.h */,
				A05B2E0C13C4FCEF00F1525B /* P50AppDelegate_iPad.m */,
				A05B2E0E13C4FCEF00F1525B /* MainWindow_iPad.xib */,
			);
			name = iPad;
			sourceTree = "<group>";
		};
		A05B2E1C13C4FCEF00F1525B /* P50Tests */ = {
			isa = PBXGroup;
			children = (
				A05B2E2313C4FCEF00F1525B /* P50Tests.h */,
				A05B2E2513C4FCEF00F1525B /* P50Tests.m */,
				A05B2E1D13C4FCEF00F1525B /* Supporting Files */,
			);
			path = P50Tests;
			sourceTree = "<group>";
		};
		A05B2E1D13C4FCEF00F1525B /* Supporting Files */ = {
			isa = PBXGroup;
			children = (
				A05B2E1E13C4FCEF00F1525B /* P50Tests-Info.plist */,
				A05B2E1F13C4FCEF00F1525B /* InfoPlist.strings */,
				A05B2E2213C4FCEF00F1525B /* P50Tests-Prefix.pch */,
			);
			name = "Supporting Files";
			sourceTree = "<group>";
		};
		A05B2F0A13C664F100F1525B /* EGOTableViewPullRefresh */ = {
			isa = PBXGroup;
			children = (
				A05B2F0B13C664F100F1525B /* Classes */,
				A05B2F1213C664F100F1525B /* Resources */,
			);
			path = EGOTableViewPullRefresh;
			sourceTree = "<group>";
		};
		A05B2F0B13C664F100F1525B /* Classes */ = {
			isa = PBXGroup;
			children = (
				A05B2F0C13C664F100F1525B /* Controller */,
				A05B2F0F13C664F100F1525B /* View */,
			);
			path = Classes;
			sourceTree = "<group>";
		};
		A05B2F0C13C664F100F1525B /* Controller */ = {
			isa = PBXGroup;
			children = (
				A05B2F0D13C664F100F1525B /* RootViewController.h */,
				A05B2F0E13C664F100F1525B /* RootViewController.m */,
			);
			path = Controller;
			sourceTree = "<group>";
		};
		A05B2F0F13C664F100F1525B /* View */ = {
			isa = PBXGroup;
			children = (
				A05B2F1013C664F100F1525B /* EGORefreshTableHeaderView.h */,
				A05B2F1113C664F100F1525B /* EGORefreshTableHeaderView.m */,
			);
			path = View;
			sourceTree = "<group>";
		};
		A05B2F1213C664F100F1525B /* Resources */ = {
			isa = PBXGroup;
			children = (
				A05B2F1313C664F100F1525B /* blackArrow.png */,
				A05B2F1413C664F100F1525B /* blackArrow@2x.png */,
				A05B2F1513C664F100F1525B /* blueArrow.png */,
				A05B2F1613C664F100F1525B /* blueArrow@2x.png */,
				A05B2F1713C664F100F1525B /* grayArrow.png */,
				A05B2F1813C664F100F1525B /* grayArrow@2x.png */,
				A05B2F1913C664F100F1525B /* whiteArrow.png */,
				A05B2F1A13C664F100F1525B /* whiteArrow@2x.png */,
			);
			path = Resources;
			sourceTree = "<group>";
		};
		A05B2F3713C6651D00F1525B /* security */ = {
			isa = PBXGroup;
			children = (
				A05B2F3813C6651D00F1525B /* SFHFKeychainUtils.h */,
				A05B2F3913C6651D00F1525B /* SFHFKeychainUtils.m */,
			);
			path = security;
			sourceTree = "<group>";
		};
		A05B2F3B13C6652D00F1525B /* JSON */ = {
			isa = PBXGroup;
			children = (
				A05B2F3C13C6652D00F1525B /* CDataScanner.h */,
				A05B2F3D13C6652D00F1525B /* CDataScanner.m */,
				A05B2F3E13C6652D00F1525B /* Experimental */,
				A05B2F4713C6652D00F1525B /* Extensions */,
				A05B2F4C13C6652D00F1525B /* JSON */,
			);
			path = JSON;
			sourceTree = "<group>";
		};
		A05B2F3E13C6652D00F1525B /* Experimental */ = {
			isa = PBXGroup;
			children = (
				A05B2F3F13C6652D00F1525B /* CFilteringJSONSerializer.h */,
				A05B2F4013C6652D00F1525B /* CFilteringJSONSerializer.m */,
				A05B2F4113C6652D00F1525B /* CJSONDeserializer_BlocksExtensions.h */,
				A05B2F4213C6652D00F1525B /* CJSONDeserializer_BlocksExtensions.m */,
				A05B2F4313C6652D00F1525B /* CJSONSerialization.h */,
				A05B2F4413C6652D00F1525B /* CJSONSerialization.m */,
				A05B2F4513C6652D00F1525B /* CJSONSerializedData.h */,
				A05B2F4613C6652D00F1525B /* CJSONSerializedData.m */,
			);
			path = Experimental;
			sourceTree = "<group>";
		};
		A05B2F4713C6652D00F1525B /* Extensions */ = {
			isa = PBXGroup;
			children = (
				A05B2F4813C6652D00F1525B /* CDataScanner_Extensions.h */,
				A05B2F4913C6652D00F1525B /* CDataScanner_Extensions.m */,
				A05B2F4A13C6652D00F1525B /* NSDictionary_JSONExtensions.h */,
				A05B2F4B13C6652D00F1525B /* NSDictionary_JSONExtensions.m */,
			);
			path = Extensions;
			sourceTree = "<group>";
		};
		A05B2F4C13C6652D00F1525B /* JSON */ = {
			isa = PBXGroup;
			children = (
				A05B2F4D13C6652D00F1525B /* CJSONDeserializer.h */,
				A05B2F4E13C6652D00F1525B /* CJSONDeserializer.m */,
				A05B2F4F13C6652D00F1525B /* CJSONScanner.h */,
				A05B2F5013C6652D00F1525B /* CJSONScanner.m */,
				A05B2F5113C6652D00F1525B /* CJSONSerializer.h */,
				A05B2F5213C6652D00F1525B /* CJSONSerializer.m */,
				A05B2F5313C6652D00F1525B /* JSONRepresentation.h */,
			);
			path = JSON;
			sourceTree = "<group>";
		};
		A0D9297C13C6C070007A0FA5 /* Images */ = {
			isa = PBXGroup;
			children = (
				A0D9297D13C6C070007A0FA5 /* Default.png */,
				A0D9297E13C6C070007A0FA5 /* Default@2x.png */,
				A0D9297F13C6C070007A0FA5 /* Icon.png */,
				A0D9298013C6C070007A0FA5 /* Icon@2x.png */,
				A0D9298113C6C070007A0FA5 /* p50img.png */,
			);
			name = Images;
			path = P50/Images;
			sourceTree = "<group>";
		};
		A0D9298213C6C070007A0FA5 /* SBAdds */ = {
			isa = PBXGroup;
			children = (
				A0D9298313C6C070007A0FA5 /* SBPlistReader.h */,
				A0D9298413C6C070007A0FA5 /* SBPlistReader.m */,
				A0D9298513C6C070007A0FA5 /* SBServiceCentral.h */,
				A0D9298613C6C070007A0FA5 /* SBServiceCentral.m */,
				A0D9298713C6C070007A0FA5 /* SBXMLParser.h */,
				A0D9298813C6C070007A0FA5 /* SBXMLParser.m */,
				A0D9298913C6C070007A0FA5 /* UIColor+SBColors.h */,
				A0D9298A13C6C070007A0FA5 /* UIColor+SBColors.m */,
			);
			name = SBAdds;
			path = P50/SBAdds;
			sourceTree = "<group>";
		};
/* End PBXGroup section */

/* Begin PBXNativeTarget section */
		A05B2DEC13C4FCEE00F1525B /* P50 */ = {
			isa = PBXNativeTarget;
			buildConfigurationList = A05B2E2913C4FCEF00F1525B /* Build configuration list for PBXNativeTarget "P50" */;
			buildPhases = (
				A05B2DE913C4FCEE00F1525B /* Sources */,
				A05B2DEA13C4FCEE00F1525B /* Frameworks */,
				A05B2DEB13C4FCEE00F1525B /* Resources */,
			);
			buildRules = (
			);
			dependencies = (
			);
			name = P50;
			productName = P50;
			productReference = A05B2DED13C4FCEE00F1525B /* P50.app */;
			productType = "com.apple.product-type.application";
		};
		A05B2E1513C4FCEF00F1525B /* P50Tests */ = {
			isa = PBXNativeTarget;
			buildConfigurationList = A05B2E2C13C4FCEF00F1525B /* Build configuration list for PBXNativeTarget "P50Tests" */;
			buildPhases = (
				A05B2E1113C4FCEF00F1525B /* Sources */,
				A05B2E1213C4FCEF00F1525B /* Frameworks */,
				A05B2E1313C4FCEF00F1525B /* Resources */,
				A05B2E1413C4FCEF00F1525B /* ShellScript */,
			);
			buildRules = (
			);
			dependencies = (
				A05B2E1B13C4FCEF00F1525B /* PBXTargetDependency */,
			);
			name = P50Tests;
			productName = P50Tests;
			productReference = A05B2E1613C4FCEF00F1525B /* P50Tests.octest */;
			productType = "com.apple.product-type.bundle";
		};
/* End PBXNativeTarget section */

/* Begin PBXProject section */
		A05B2DE413C4FCEE00F1525B /* Project object */ = {
			isa = PBXProject;
			buildConfigurationList = A05B2DE713C4FCEE00F1525B /* Build configuration list for PBXProject "P50" */;
			compatibilityVersion = "Xcode 3.2";
			developmentRegion = English;
			hasScannedForEncodings = 0;
			knownRegions = (
				en,
			);
			mainGroup = A05B2DE213C4FCEE00F1525B;
			productRefGroup = A05B2DEE13C4FCEE00F1525B /* Products */;
			projectDirPath = "";
			projectRoot = "";
			targets = (
				A05B2DEC13C4FCEE00F1525B /* P50 */,
				A05B2E1513C4FCEF00F1525B /* P50Tests */,
			);
		};
/* End PBXProject section */

/* Begin PBXResourcesBuildPhase section */
		A05B2DEB13C4FCEE00F1525B /* Resources */ = {
			isa = PBXResourcesBuildPhase;
			buildActionMask = 2147483647;
			files = (
				A05B2DFC13C4FCEF00F1525B /* InfoPlist.strings in Resources */,
				A05B2E0913C4FCEF00F1525B /* MainWindow_iPhone.xib in Resources */,
				A05B2E1013C4FCEF00F1525B /* MainWindow_iPad.xib in Resources */,
				A05B2F0813C664E600F1525B /* Customization.plist in Resources */,
				A05B2F1D13C664F100F1525B /* blackArrow.png in Resources */,
				A05B2F1E13C664F100F1525B /* blackArrow@2x.png in Resources */,
				A05B2F1F13C664F100F1525B /* blueArrow.png in Resources */,
				A05B2F2013C664F100F1525B /* blueArrow@2x.png in Resources */,
				A05B2F2113C664F100F1525B /* grayArrow.png in Resources */,
				A05B2F2213C664F100F1525B /* grayArrow@2x.png in Resources */,
				A05B2F2313C664F100F1525B /* whiteArrow.png in Resources */,
				A05B2F2413C664F100F1525B /* whiteArrow@2x.png in Resources */,
				A0D9298B13C6C070007A0FA5 /* Default.png in Resources */,
				A0D9298C13C6C070007A0FA5 /* Default@2x.png in Resources */,
				A0D9298D13C6C070007A0FA5 /* Icon.png in Resources */,
				A0D9298E13C6C070007A0FA5 /* Icon@2x.png in Resources */,
				A0D9298F13C6C070007A0FA5 /* p50img.png in Resources */,
			);
			runOnlyForDeploymentPostprocessing = 0;
		};
		A05B2E1313C4FCEF00F1525B /* Resources */ = {
			isa = PBXResourcesBuildPhase;
			buildActionMask = 2147483647;
			files = (
				A05B2E2113C4FCEF00F1525B /* InfoPlist.strings in Resources */,
				A05B2E2413C4FCEF00F1525B /* P50Tests.h in Resources */,
			);
			runOnlyForDeploymentPostprocessing = 0;
		};
/* End PBXResourcesBuildPhase section */

/* Begin PBXShellScriptBuildPhase section */
		A05B2E1413C4FCEF00F1525B /* ShellScript */ = {
			isa = PBXShellScriptBuildPhase;
			buildActionMask = 2147483647;
			files = (
			);
			inputPaths = (
			);
			outputPaths = (
			);
			runOnlyForDeploymentPostprocessing = 0;
			shellPath = /bin/sh;
			shellScript = "# Run the unit tests in this test bundle.\n\"${SYSTEM_DEVELOPER_DIR}/Tools/RunUnitTests\"\n";
		};
/* End PBXShellScriptBuildPhase section */

/* Begin PBXSourcesBuildPhase section */
		A05B2DE913C4FCEE00F1525B /* Sources */ = {
			isa = PBXSourcesBuildPhase;
			buildActionMask = 2147483647;
			files = (
				A05B2DFF13C4FCEF00F1525B /* main.m in Sources */,
				A05B2E0213C4FCEF00F1525B /* P50AppDelegate.m in Sources */,
				A05B2E0613C4FCEF00F1525B /* P50AppDelegate_iPhone.m in Sources */,
				A05B2E0D13C4FCEF00F1525B /* P50AppDelegate_iPad.m in Sources */,
				A05B2F1B13C664F100F1525B /* RootViewController.m in Sources */,
				A05B2F1C13C664F100F1525B /* EGORefreshTableHeaderView.m in Sources */,
				A05B2F3A13C6651D00F1525B /* SFHFKeychainUtils.m in Sources */,
				A05B2F5413C6652D00F1525B /* CDataScanner.m in Sources */,
				A05B2F5513C6652D00F1525B /* CFilteringJSONSerializer.m in Sources */,
				A05B2F5613C6652D00F1525B /* CJSONDeserializer_BlocksExtensions.m in Sources */,
				A05B2F5713C6652D00F1525B /* CJSONSerialization.m in Sources */,
				A05B2F5813C6652D00F1525B /* CJSONSerializedData.m in Sources */,
				A05B2F5913C6652D00F1525B /* CDataScanner_Extensions.m in Sources */,
				A05B2F5A13C6652D00F1525B /* NSDictionary_JSONExtensions.m in Sources */,
				A05B2F5B13C6652D00F1525B /* CJSONDeserializer.m in Sources */,
				A05B2F5C13C6652D00F1525B /* CJSONScanner.m in Sources */,
				A05B2F5D13C6652D00F1525B /* CJSONSerializer.m in Sources */,
				A0D9299013C6C070007A0FA5 /* SBPlistReader.m in Sources */,
				A0D9299113C6C070007A0FA5 /* SBServiceCentral.m in Sources */,
				A0D9299213C6C070007A0FA5 /* SBXMLParser.m in Sources */,
				A0D9299313C6C070007A0FA5 /* UIColor+SBColors.m in Sources */,
				A0D9299C13C6C084007A0FA5 /* LasVegasViewController.m in Sources */,
				A0D9299D13C6C084007A0FA5 /* ModalViewLogin.m in Sources */,
				A0D9299E13C6C084007A0FA5 /* RSSFeed.m in Sources */,
				A0D9299F13C6C084007A0FA5 /* VideoList.m in Sources */,
			);
			runOnlyForDeploymentPostprocessing = 0;
		};
		A05B2E1113C4FCEF00F1525B /* Sources */ = {
			isa = PBXSourcesBuildPhase;
			buildActionMask = 2147483647;
			files = (
				A05B2E2613C4FCEF00F1525B /* P50Tests.m in Sources */,
			);
			runOnlyForDeploymentPostprocessing = 0;
		};
/* End PBXSourcesBuildPhase section */

/* Begin PBXTargetDependency section */
		A05B2E1B13C4FCEF00F1525B /* PBXTargetDependency */ = {
			isa = PBXTargetDependency;
			target = A05B2DEC13C4FCEE00F1525B /* P50 */;
			targetProxy = A05B2E1A13C4FCEF00F1525B /* PBXContainerItemProxy */;
		};
/* End PBXTargetDependency section */

/* Begin PBXVariantGroup section */
		A05B2DFA13C4FCEF00F1525B /* InfoPlist.strings */ = {
			isa = PBXVariantGroup;
			children = (
				A05B2DFB13C4FCEF00F1525B /* en */,
			);
			name = InfoPlist.strings;
			sourceTree = "<group>";
		};
		A05B2E0713C4FCEF00F1525B /* MainWindow_iPhone.xib */ = {
			isa = PBXVariantGroup;
			children = (
				A05B2E0813C4FCEF00F1525B /* en */,
			);
			name = MainWindow_iPhone.xib;
			sourceTree = "<group>";
		};
		A05B2E0E13C4FCEF00F1525B /* MainWindow_iPad.xib */ = {
			isa = PBXVariantGroup;
			children = (
				A05B2E0F13C4FCEF00F1525B /* en */,
			);
			name = MainWindow_iPad.xib;
			sourceTree = "<group>";
		};
		A05B2E1F13C4FCEF00F1525B /* InfoPlist.strings */ = {
			isa = PBXVariantGroup;
			children = (
				A05B2E2013C4FCEF00F1525B /* en */,
			);
			name = InfoPlist.strings;
			sourceTree = "<group>";
		};
/* End PBXVariantGroup section */

/* Begin XCBuildConfiguration section */
		A05B2E2713C4FCEF00F1525B /* Debug */ = {
			isa = XCBuildConfiguration;
			buildSettings = {
				ARCHS = "$(ARCHS_STANDARD_32_BIT)";
				"CODE_SIGN_IDENTITY[sdk=iphoneos*]" = "iPhone Developer";
				GCC_C_LANGUAGE_STANDARD = gnu99;
				GCC_OPTIMIZATION_LEVEL = 0;
				GCC_PREPROCESSOR_DEFINITIONS = DEBUG;
				GCC_SYMBOLS_PRIVATE_EXTERN = NO;
				GCC_VERSION = com.apple.compilers.llvmgcc42;
				GCC_WARN_ABOUT_RETURN_TYPE = YES;
				GCC_WARN_UNUSED_VARIABLE = YES;
				IPHONEOS_DEPLOYMENT_TARGET = 4.3;
				SDKROOT = iphoneos;
				TARGETED_DEVICE_FAMILY = "1,2";
			};
			name = Debug;
		};
		A05B2E2813C4FCEF00F1525B /* Release */ = {
			isa = XCBuildConfiguration;
			buildSettings = {
				ARCHS = "$(ARCHS_STANDARD_32_BIT)";
				"CODE_SIGN_IDENTITY[sdk=iphoneos*]" = "iPhone Developer";
				GCC_C_LANGUAGE_STANDARD = gnu99;
				GCC_VERSION = com.apple.compilers.llvmgcc42;
				GCC_WARN_ABOUT_RETURN_TYPE = YES;
				GCC_WARN_UNUSED_VARIABLE = YES;
				IPHONEOS_DEPLOYMENT_TARGET = 4.3;
				OTHER_CFLAGS = "-DNS_BLOCK_ASSERTIONS=1";
				SDKROOT = iphoneos;
				TARGETED_DEVICE_FAMILY = "1,2";
			};
			name = Release;
		};
		A05B2E2A13C4FCEF00F1525B /* Debug */ = {
			isa = XCBuildConfiguration;
			buildSettings = {
				ALWAYS_SEARCH_USER_PATHS = NO;
				COPY_PHASE_STRIP = NO;
				GCC_DYNAMIC_NO_PIC = NO;
				GCC_PRECOMPILE_PREFIX_HEADER = YES;
				GCC_PREFIX_HEADER = "P50/P50-Prefix.pch";
				INFOPLIST_FILE = "P50/P50-Info.plist";
				PRODUCT_NAME = "$(TARGET_NAME)";
				WRAPPER_EXTENSION = app;
			};
			name = Debug;
		};
		A05B2E2B13C4FCEF00F1525B /* Release */ = {
			isa = XCBuildConfiguration;
			buildSettings = {
				ALWAYS_SEARCH_USER_PATHS = NO;
				COPY_PHASE_STRIP = YES;
				GCC_PRECOMPILE_PREFIX_HEADER = YES;
				GCC_PREFIX_HEADER = "P50/P50-Prefix.pch";
				INFOPLIST_FILE = "P50/P50-Info.plist";
				PRODUCT_NAME = "$(TARGET_NAME)";
				VALIDATE_PRODUCT = YES;
				WRAPPER_EXTENSION = app;
			};
			name = Release;
		};
		A05B2E2D13C4FCEF00F1525B /* Debug */ = {
			isa = XCBuildConfiguration;
			buildSettings = {
				ALWAYS_SEARCH_USER_PATHS = NO;
				BUNDLE_LOADER = "$(BUILT_PRODUCTS_DIR)/P50.app/P50";
				FRAMEWORK_SEARCH_PATHS = (
					"$(SDKROOT)/Developer/Library/Frameworks",
					"$(DEVELOPER_LIBRARY_DIR)/Frameworks",
				);
				GCC_PRECOMPILE_PREFIX_HEADER = YES;
				GCC_PREFIX_HEADER = "P50Tests/P50Tests-Prefix.pch";
				INFOPLIST_FILE = "P50Tests/P50Tests-Info.plist";
				OTHER_LDFLAGS = (
					"-framework",
					SenTestingKit,
				);
				PRODUCT_NAME = "$(TARGET_NAME)";
				TEST_HOST = "$(BUNDLE_LOADER)";
				WRAPPER_EXTENSION = octest;
			};
			name = Debug;
		};
		A05B2E2E13C4FCEF00F1525B /* Release */ = {
			isa = XCBuildConfiguration;
			buildSettings = {
				ALWAYS_SEARCH_USER_PATHS = NO;
				BUNDLE_LOADER = "$(BUILT_PRODUCTS_DIR)/P50.app/P50";
				FRAMEWORK_SEARCH_PATHS = (
					"$(SDKROOT)/Developer/Library/Frameworks",
					"$(DEVELOPER_LIBRARY_DIR)/Frameworks",
				);
				GCC_PRECOMPILE_PREFIX_HEADER = YES;
				GCC_PREFIX_HEADER = "P50Tests/P50Tests-Prefix.pch";
				INFOPLIST_FILE = "P50Tests/P50Tests-Info.plist";
				OTHER_LDFLAGS = (
					"-framework",
					SenTestingKit,
				);
				PRODUCT_NAME = "$(TARGET_NAME)";
				TEST_HOST = "$(BUNDLE_LOADER)";
				WRAPPER_EXTENSION = octest;
			};
			name = Release;
		};
/* End XCBuildConfiguration section */

/* Begin XCConfigurationList section */
		A05B2DE713C4FCEE00F1525B /* Build configuration list for PBXProject "P50" */ = {
			isa = XCConfigurationList;
			buildConfigurations = (
				A05B2E2713C4FCEF00F1525B /* Debug */,
				A05B2E2813C4FCEF00F1525B /* Release */,
			);
			defaultConfigurationIsVisible = 0;
			defaultConfigurationName = Release;
		};
		A05B2E2913C4FCEF00F1525B /* Build configuration list for PBXNativeTarget "P50" */ = {
			isa = XCConfigurationList;
			buildConfigurations = (
				A05B2E2A13C4FCEF00F1525B /* Debug */,
				A05B2E2B13C4FCEF00F1525B /* Release */,
			);
			defaultConfigurationIsVisible = 0;
			defaultConfigurationName = Release;
		};
		A05B2E2C13C4FCEF00F1525B /* Build configuration list for PBXNativeTarget "P50Tests" */ = {
			isa = XCConfigurationList;
			buildConfigurations = (
				A05B2E2D13C4FCEF00F1525B /* Debug */,
				A05B2E2E13C4FCEF00F1525B /* Release */,
			);
			defaultConfigurationIsVisible = 0;
			defaultConfigurationName = Release;
		};
/* End XCConfigurationList section */
	};
	rootObject = A05B2DE413C4FCEE00F1525B /* Project object */;
}
